lockfileVersion: '9.0'

settings:
  autoInstallPeers: true
  excludeLinksFromLockfile: false

importers:

  .:
    dependencies:
      '@filoz/synapse-sdk':
        specifier: ^0.41.0
        version: 0.41.0(viem@2.52.2(zod@4.4.3))
      dotenv:
        specifier: ^17.4.2
        version: 17.4.2
      viem:
        specifier: ^2.52.2
        version: 2.52.2(zod@4.4.3)

packages:

  '@adraffy/ens-normalize@1.11.1':
    resolution: {integrity: sha512-nhCBV3quEgesuf7c7KYfperqSS14T8bYuvJ8PcLJp6znkZpFc0AuW4qBtr8eKVyPPe/8RSr7sglCWPU5eaxwKQ==}

  '@filoz/synapse-core@0.5.2':
    resolution: {integrity: sha512-euxg/UhABStkXYJBft259V9KKNdzV/08NwfwIJnlhQnTJDu5suNXqZlP5QEDTdpMVtaCCfqEXJuPGqGZy6Nz6w==}
    peerDependencies:
      viem: 2.x

  '@filoz/synapse-sdk@0.41.0':
    resolution: {integrity: sha512-hbxV71Zjk1AExgghdP+LoYY1UqdnUMVB6Te1aJ5Af/e1lVDIOXIAHYm1WzSLCp6pU/a/+hLpGyl1CCu1IUPwYQ==}
    peerDependencies:
      viem: 2.x

  '@ipld/dag-cbor@9.2.7':
    resolution: {integrity: sha512-ZmfXmElRWATr+hoUTSAOr6HUcjVhOcNHDqgczc76qte2DHHFEK0ZhNzUcdTDQhF/VSIvf2ioaRTRLWwLc83sNw==}

  '@noble/ciphers@1.3.0':
    resolution: {integrity: sha512-2I0gnIVPtfnMw9ee9h1dJG7tp81+8Ob3OJb3Mv37rx5L40/b0i7djjCVvGOVqc9AEIQyvyu1i6ypKdFw8R8gQw==}
    engines: {node: ^14.21.3 || >=16}

  '@noble/curves@1.9.1':
    resolution: {integrity: sha512-k11yZxZg+t+gWvBbIswW0yoJlu8cHOC7dhunwOzoWH/mXGBiYyR4YY6hAEK/3EUs4UpB8la1RfdRpeGsFHkWsA==}
    engines: {node: ^14.21.3 || >=16}

  '@noble/hashes@1.8.0':
    resolution: {integrity: sha512-jCs9ldd7NwzpgXDIf6P3+NrHh9/sD6CQdxHyjQI+h/6rDNo88ypBxxz45UDuZHz9r3tNz7N/VInSVoVdtXEI4A==}
    engines: {node: ^14.21.3 || >=16}

  '@scure/base@1.2.6':
    resolution: {integrity: sha512-g/nm5FgUa//MCj1gV09zTJTaM6KBAHqLN907YVQqf7zC49+DcO4B1so4ZX07Ef10Twr6nuqYEH9GEggFXA4Fmg==}

  '@scure/bip32@1.7.0':
    resolution: {integrity: sha512-E4FFX/N3f4B80AKWp5dP6ow+flD1LQZo/w8UnLGYZO674jS6YnYeepycOOksv+vLPSpgN35wgKgy+ybfTb2SMw==}

  '@scure/bip39@1.6.0':
    resolution: {integrity: sha512-+lF0BbLiJNwVlev4eKelw1WWLaiKXw7sSl8T6FvBlWkdX+94aGJ4o8XjUdlyhTCjd8c+B3KT3JfS8P0bLRNU6A==}

  '@standard-schema/spec@1.1.0':
    resolution: {integrity: sha512-l2aFy5jALhniG5HgqrD6jXLi/rUWrKvqN/qJx6yoJsgKhblVd+iqqU4RCXavm/jPityDo5TCvKMnpjKnOriy0w==}

  '@web3-storage/data-segment@5.3.0':
    resolution: {integrity: sha512-zFJ4m+pEKqtKatJNsFrk/2lHeFSbkXZ6KKXjBe7/2ayA9wAar7T/unewnOcZrrZTnCWmaxKsXWqdMFy9bXK9dw==}

  abitype@1.2.3:
    resolution: {integrity: sha512-Ofer5QUnuUdTFsBRwARMoWKOH1ND5ehwYhJ3OJ/BQO+StkwQjHw0XyVh4vDttzHB7QOFhPHa/o413PJ82gU/Tg==}
    peerDependencies:
      typescript: '>=5.0.4'
      zod: ^3.22.0 || ^4.0.0
    peerDependenciesMeta:
      typescript:
        optional: true
      zod:
        optional: true

  abitype@1.2.4:
    resolution: {integrity: sha512-dpKH+N27vRjarMVTFFkeY445VTKftzGWpL0FiT7xmVmzQRKazZexzC5uHG0f6XKsVLAuUlndnbGau6lRejClxg==}
    peerDependencies:
      typescript: '>=5.0.4'
      zod: ^3.22.0 || ^4.0.0
    peerDependenciesMeta:
      typescript:
        optional: true
      zod:
        optional: true

  ajv-formats@3.0.1:
    resolution: {integrity: sha512-8iUql50EUR+uUcdRQ3HDqa6EVyo3docL8g5WJ3FNcWmu62IbkGUue/pEyLBW8VGKKucTPgqeks4fIU1DA4yowQ==}
    peerDependencies:
      ajv: ^8.0.0
    peerDependenciesMeta:
      ajv:
        optional: true

  ajv@8.20.0:
    resolution: {integrity: sha512-Thbli+OlOj+iMPYFBVBfJ3OmCAnaSyNn4M1vz9T6Gka5Jt9ba/HIR56joy65tY6kx/FCF5VXNB819Y7/GUrBGA==}

  atomically@2.1.1:
    resolution: {integrity: sha512-P4w9o2dqARji6P7MHprklbfiArZAWvo07yW7qs3pdljb3BWr12FIB7W+p0zJiuiVsUpRO0iZn1kFFcpPegg0tQ==}

  bigint-mod-arith@3.3.1:
    resolution: {integrity: sha512-pX/cYW3dCa87Jrzv6DAr8ivbbJRzEX5yGhdt8IutnX/PCIXfpx+mabWNK/M8qqh+zQ0J3thftUBHW0ByuUlG0w==}
    engines: {node: '>=10.4.0'}

  cborg@5.1.1:
    resolution: {integrity: sha512-BDbSRIp6XrQXkTc7g+DN0RB9RrDPTUfals2ecWUlt3juPLjbAvy/V72mJcXY0Ehu0Dq/3WpNCOCT68HUTbW+lw==}
    hasBin: true

  conf@15.1.0:
    resolution: {integrity: sha512-Uy5YN9KEu0WWDaZAVJ5FAmZoaJt9rdK6kH+utItPyGsCqCgaTKkrmZx3zoE0/3q6S3bcp3Ihkk+ZqPxWxFK5og==}
    engines: {node: '>=20'}

  debounce-fn@6.0.0:
    resolution: {integrity: sha512-rBMW+F2TXryBwB54Q0d8drNEI+TfoS9JpNTAoVpukbWEhjXQq4rySFYLaqXMFXwdv61Zb2OHtj5bviSoimqxRQ==}
    engines: {node: '>=18'}

  delay@7.0.0:
    resolution: {integrity: sha512-C3vaGs818qzZjCvVJ98GQUMVyWeg7dr5w2Nwwb2t5K8G98jOyyVO2ti2bKYk5yoYElqH3F2yA53ykuEnwD6MCg==}
    engines: {node: '>=20'}

  dnum@2.17.0:
    resolution: {integrity: sha512-Abo8RU2ZoABVO2R051XlJEgDIXAlA8/ZjOT2F1uAWvm6Vb8TphmN4k7qgu5nWKSv/JUGLVty6QPEeLTvaxNRYQ==}

  dot-prop@10.1.0:
    resolution: {integrity: sha512-MVUtAugQMOff5RnBy2d9N31iG0lNwg1qAoAOn7pOK5wf94WIaE3My2p3uwTQuvS2AcqchkcR3bHByjaM0mmi7Q==}
    engines: {node: '>=20'}

  dotenv@17.4.2:
    resolution: {integrity: sha512-nI4U3TottKAcAD9LLud4Cb7b2QztQMUEfHbvhTH09bqXTxnSie8WnjPALV/WMCrJZ6UV/qHJ6L03OqO3LcdYZw==}
    engines: {node: '>=12'}

  env-paths@3.0.0:
    resolution: {integrity: sha512-dtJUTepzMW3Lm/NPxRf3wP4642UWhjL2sQxc+ym2YMj1m/H2zDNQOlezafzkHwn6sMstjHTwG6iQQsctDW/b1A==}
    engines: {node: ^12.20.0 || ^14.13.1 || >=16.0.0}

  eventemitter3@5.0.1:
    resolution: {integrity: sha512-GWkBvjiSZK87ELrYOSESUYeVIc9mvLLf/nXalMOS5dYrgZq9o5OVkbZAVM06CVxYsCwH9BDZFPlQTlPA1j4ahA==}

  eventemitter3@5.0.4:
    resolution: {integrity: sha512-mlsTRyGaPBjPedk6Bvw+aqbsXDtoAyAzm5MO7JgU+yVRyMQ5O8bD4Kcci7BS85f93veegeCPkL8R4GLClnjLFw==}

  fast-deep-equal@3.1.3:
    resolution: {integrity: sha512-f3qQ9oQy9j2AhBe/H9VC91wLmKBCCU/gDOnKNAYG5hswO7BLKj09Hc5HYNz9cGI++xlpDCIgDaitVs03ATR84Q==}

  fast-uri@3.1.2:
    resolution: {integrity: sha512-rVjf7ArG3LTk+FS6Yw81V1DLuZl1bRbNrev6Tmd/9RaroeeRRJhAt7jg/6YFxbvAQXUCavSoZhPPj6oOx+5KjQ==}

  from-exponential@1.1.1:
    resolution: {integrity: sha512-VBE7f5OVnYwdgB3LHa+Qo29h8qVpxhVO9Trlc+AWm+/XNAgks1tAwMFHb33mjeiof77GglsJzeYF7OqXrROP/A==}

  idb-keyval@6.2.5:
    resolution: {integrity: sha512-eKQkTnS0relYsSOYomx8ozIbmdsQCKUdhyuIaQ2DZgKuaxtyQQMkyD/wlnQN32pO3yutN1b1L8uqwcDKaJd7/Q==}

  is-network-error@1.3.2:
    resolution: {integrity: sha512-PhBY86zaxNZUuWP6h13Vu5oFe0XY6/UlKzQnYFELzGVHygP3MxmvTfYSG7GN3aIab/iWudSMgjSnG9Dq+nHrgA==}
    engines: {node: '>=16'}

  iso-base@4.4.0:
    resolution: {integrity: sha512-W4BJbRDBi66wcBFJ23ZlGnFOZ874CIut4y9PlsScMSYu7ckCX+MWNAaEoE0efTSYDoVEn1qy0FDVSjE8q0ieHw==}

  iso-kv@3.2.0:
    resolution: {integrity: sha512-rMVXO7zDEecXOJEiDnbDqjZ7gSe7VqDn2FTkUFWeqkcYMmgMdmB7pDgUaZxiEyiL1+gO7RnbqEI2Ce3xIW4UBQ==}

  iso-web@2.3.0:
    resolution: {integrity: sha512-/WH8IwL/2ptX/HzjwnZaA6uJoj4Yar8TTdpPBRBuCU3UbF51X8/xdqf4yApAyPoogs22Rvlozh2wvvgMHbH7vg==}

  isows@1.0.7:
    resolution: {integrity: sha512-I1fSfDCZL5P0v33sVqeTDSpcstAg/N+wF5HS033mogOVIp4B+oHC7oOCsA3axAbBSGTJ8QubbNmnIRN/h8U7hg==}
    peerDependencies:
      ws: '*'

  json-schema-traverse@1.0.0:
    resolution: {integrity: sha512-NM8/P9n3XjXhIZn1lLhkFaACTOURQXjWhV4BA/RnOv8xvgqtqpAX9IO4mRQxSx1Rlo4tqzeqb0sOlruaOy3dug==}

  json-schema-typed@8.0.2:
    resolution: {integrity: sha512-fQhoXdcvc3V28x7C7BMs4P5+kNlgUURe2jmUT1T//oBRMDrqy1QPelJimwZGo7Hg9VPV3EQV5Bnq4hbFy2vetA==}

  kysely@0.29.2:
    resolution: {integrity: sha512-s6WVJyEZrbm6jhBpiKHsGHyePMrVQKJ85wZCFCr9W4QHv6WTjWIrdvTmO9hDEA3bNK0xkrE2DqrHsXMLWuZpQg==}
    engines: {node: '>=22.0.0'}

  mimic-function@5.0.1:
    resolution: {integrity: sha512-VP79XUPxV2CigYP3jWwAUFSku2aKqBH7uTAapFWCBqutsbmDo96KY5o8uh6U+/YSIn5OxJnXp73beVkpqMIGhA==}
    engines: {node: '>=18'}

  multiformats@13.4.2:
    resolution: {integrity: sha512-eh6eHCrRi1+POZ3dA+Dq1C6jhP1GNtr9CRINMb67OKzqW9I5DUuZM/3jLPlzhgpGeiNUlEGEbkCYChXMCc/8DQ==}

  ox@0.14.29:
    resolution: {integrity: sha512-M5j87Ec4V99MQdRct/g09eWXW60g6zhHTUs1lr4deUtrPDnezBdCJTgKd7pxqTpSZBFveV0ALi9jMMuT1qKyNg==}
    peerDependencies:
      typescript: '>=5.4.0'
    peerDependenciesMeta:
      typescript:
        optional: true

  p-limit@7.3.0:
    resolution: {integrity: sha512-7cIXg/Z0M5WZRblrsOla88S4wAK+zOQQWeBYfV3qJuJXMr+LnbYjaadrFaS0JILfEDPVqHyKnZ1Z/1d6J9VVUw==}
    engines: {node: '>=20'}

  p-locate@7.0.0:
    resolution: {integrity: sha512-FRPW2lT1b/B8/CNkCOZ/Xl4mz52CWzwb+/dLa0GcCrH7u7djFf36VftuRJ5w/eCr1YXtbTGPuGoEDVSk14EwNQ==}
    engines: {node: '>=20'}

  p-queue@9.3.0:
    resolution: {integrity: sha512-7NED7xhQ74Ngp4JP/2e0VZHp7vSWfJfqeiR92jPgxsz6m0Se4P03YoTKa9dDXyZ3r6P616gUXttrB6nnHYKang==}
    engines: {node: '>=20'}

  p-retry@8.0.0:
    resolution: {integrity: sha512-kFVqH1HxOHp8LupNsOys7bSV09VYTRLxarH/mokO4Rqhk6wGi70E0jh4VzvVGXfEVNggHoHLAMWsQqHyU1Ey9A==}
    engines: {node: '>=22'}

  p-some@7.0.0:
    resolution: {integrity: sha512-9ldWF6puBzuchsUq7M1THjwwmoiXesqRdpB4WH0D7urKXdGkIaDqVhQS2BSfRRYZ970j9gm3U4/h9hHQx2G1Ug==}
    engines: {node: '>=20'}

  p-timeout@7.0.1:
    resolution: {integrity: sha512-AxTM2wDGORHGEkPCt8yqxOTMgpfbEHqF51f/5fJCmwFC3C/zNcGT63SymH2ttOAaiIws2zVg4+izQCjrakcwHg==}
    engines: {node: '>=20'}

  random-int@3.1.0:
    resolution: {integrity: sha512-h8CRz8cpvzj0hC/iH/1Gapgcl2TQ6xtnCpyOI5WvWfXf/yrDx2DOU+tD9rX23j36IF11xg1KqB9W11Z18JPMdw==}
    engines: {node: '>=12'}

  require-from-string@2.0.2:
    resolution: {integrity: sha512-Xf0nWe6RseziFMu+Ap9biiUbmplq6S9/p+7w7YXP/JBHhrUDDUhwa+vANyubuqfZWTveU//DYVGsDG7RKL/vEw==}
    engines: {node: '>=0.10.0'}

  semver@7.8.2:
    resolution: {integrity: sha512-c8jsqUZm3omBOI66G90z1Dyw5z622G8oLG+omfsHBJf3CWQTlOcwOjvOG6wtiNfW6anKm/eA39LMwMtMez2TiQ==}
    engines: {node: '>=10'}
    hasBin: true

  stubborn-fs@2.0.0:
    resolution: {integrity: sha512-Y0AvSwDw8y+nlSNFXMm2g6L51rBGdAQT20J3YSOqxC53Lo3bjWRtr2BKcfYoAf352WYpsZSTURrA0tqhfgudPA==}

  stubborn-utils@1.0.2:
    resolution: {integrity: sha512-zOh9jPYI+xrNOyisSelgym4tolKTJCQd5GBhK0+0xJvcYDcwlOoxF/rnFKQ2KRZknXSG9jWAp66fwP6AxN9STg==}

  sync-multihash-sha2@1.0.0:
    resolution: {integrity: sha512-A5gVpmtKF0ov+/XID0M0QRJqF2QxAsj3x/LlDC8yivzgoYCoWkV+XaZPfVu7Vj1T/hYzYS1tfjwboSbXjqocug==}

  tagged-tag@1.0.0:
    resolution: {integrity: sha512-yEFYrVhod+hdNyx7g5Bnkkb0G6si8HJurOoOEgC8B/O0uXLHlaey/65KRv6cuWBNhBgHKAROVpc7QyYqE5gFng==}
    engines: {node: '>=20'}

  type-fest@5.7.0:
    resolution: {integrity: sha512-1URUxUqfHFM1c+zfSPsa3gnkO7Aq21qyH75SIduNYz4SzY964rn1X2vCMQaHSHhktiw+0kPa2iyb6PUpXqB6Vg==}
    engines: {node: '>=20'}

  uint8array-extras@1.5.0:
    resolution: {integrity: sha512-rvKSBiC5zqCCiDZ9kAOszZcDvdAHwwIKJG33Ykj43OKcWsnmcBRL09YTU4nOeHZ8Y2a7l1MgTd08SBe9A8Qj6A==}
    engines: {node: '>=18'}

  unlimited-timeout@0.1.0:
    resolution: {integrity: sha512-D4g+mxFeQGQHzCfnvij+R35ukJ0658Zzudw7j16p4tBBbNasKkKM4SocYxqhwT5xA7a9JYWDzKkEFyMlRi5sng==}
    engines: {node: '>=20'}

  viem@2.52.2:
    resolution: {integrity: sha512-HSU12p5aD/kAPZfrlbCUqdiP4P/c6hQ9AhfTS51VbLUQIjkWd1d5EjrCx/SCxZ0zhZVRn4Iv5X5WDqXPG8Ubew==}
    peerDependencies:
      typescript: '>=5.0.4'
    peerDependenciesMeta:
      typescript:
        optional: true

  when-exit@2.1.5:
    resolution: {integrity: sha512-VGkKJ564kzt6Ms1dbgPP/yuIoQCrsFAnRbptpC5wOEsDaNsbCB2bnfnaA8i/vRs5tjUSEOtIuvl9/MyVsvQZCg==}

  ws@8.20.1:
    resolution: {integrity: sha512-It4dO0K5v//JtTXuPkfEOaI3uUN87iYPnqo/ZzqCoG3g8uhA66QUMs/SrM0YK7/NAu+r4LMh/9dq2A7k+rHs+w==}
    engines: {node: '>=10.0.0'}
    peerDependencies:
      bufferutil: ^4.0.1
      utf-8-validate: '>=5.0.2'
    peerDependenciesMeta:
      bufferutil:
        optional: true
      utf-8-validate:
        optional: true

  yocto-queue@1.2.2:
    resolution: {integrity: sha512-4LCcse/U2MHZ63HAJVE+v71o7yOdIe4cZ70Wpf8D/IyjDKYQLV5GD46B+hSTjJsvV5PztjvHoU580EftxjDZFQ==}
    engines: {node: '>=12.20'}

  zod@4.4.3:
    resolution: {integrity: sha512-ytENFjIJFl2UwYglde2jchW2Hwm4GJFLDiSXWdTrJQBIN9Fcyp7n4DhxJEiWNAJMV1/BqWfW/kkg71UDcHJyTQ==}

snapshots:

  '@adraffy/ens-normalize@1.11.1': {}

  '@filoz/synapse-core@0.5.2(viem@2.52.2(zod@4.4.3))':
    dependencies:
      '@web3-storage/data-segment': 5.3.0
      dnum: 2.17.0
      iso-web: 2.3.0
      multiformats: 13.4.2
      ox: 0.14.29(zod@4.4.3)
      p-locate: 7.0.0
      p-queue: 9.3.0
      p-some: 7.0.0
      viem: 2.52.2(zod@4.4.3)
      zod: 4.4.3
    transitivePeerDependencies:
      - typescript

  '@filoz/synapse-sdk@0.41.0(viem@2.52.2(zod@4.4.3))':
    dependencies:
      '@filoz/synapse-core': 0.5.2(viem@2.52.2(zod@4.4.3))
      multiformats: 13.4.2
      viem: 2.52.2(zod@4.4.3)
    transitivePeerDependencies:
      - typescript

  '@ipld/dag-cbor@9.2.7':
    dependencies:
      cborg: 5.1.1
      multiformats: 13.4.2

  '@noble/ciphers@1.3.0': {}

  '@noble/curves@1.9.1':
    dependencies:
      '@noble/hashes': 1.8.0

  '@noble/hashes@1.8.0': {}

  '@scure/base@1.2.6': {}

  '@scure/bip32@1.7.0':
    dependencies:
      '@noble/curves': 1.9.1
      '@noble/hashes': 1.8.0
      '@scure/base': 1.2.6

  '@scure/bip39@1.6.0':
    dependencies:
      '@noble/hashes': 1.8.0
      '@scure/base': 1.2.6

  '@standard-schema/spec@1.1.0': {}

  '@web3-storage/data-segment@5.3.0':
    dependencies:
      '@ipld/dag-cbor': 9.2.7
      multiformats: 13.4.2
      sync-multihash-sha2: 1.0.0

  abitype@1.2.3(zod@4.4.3):
    optionalDependencies:
      zod: 4.4.3

  abitype@1.2.4(zod@4.4.3):
    optionalDependencies:
      zod: 4.4.3

  ajv-formats@3.0.1(ajv@8.20.0):
    optionalDependencies:
      ajv: 8.20.0

  ajv@8.20.0:
    dependencies:
      fast-deep-equal: 3.1.3
      fast-uri: 3.1.2
      json-schema-traverse: 1.0.0
      require-from-string: 2.0.2

  atomically@2.1.1:
    dependencies:
      stubborn-fs: 2.0.0
      when-exit: 2.1.5

  bigint-mod-arith@3.3.1: {}

  cborg@5.1.1: {}

  conf@15.1.0:
    dependencies:
      ajv: 8.20.0
      ajv-formats: 3.0.1(ajv@8.20.0)
      atomically: 2.1.1
      debounce-fn: 6.0.0
      dot-prop: 10.1.0
      env-paths: 3.0.0
      json-schema-typed: 8.0.2
      semver: 7.8.2
      uint8array-extras: 1.5.0

  debounce-fn@6.0.0:
    dependencies:
      mimic-function: 5.0.1

  delay@7.0.0:
    dependencies:
      random-int: 3.1.0
      unlimited-timeout: 0.1.0

  dnum@2.17.0:
    dependencies:
      from-exponential: 1.1.1

  dot-prop@10.1.0:
    dependencies:
      type-fest: 5.7.0

  dotenv@17.4.2: {}

  env-paths@3.0.0: {}

  eventemitter3@5.0.1: {}

  eventemitter3@5.0.4: {}

  fast-deep-equal@3.1.3: {}

  fast-uri@3.1.2: {}

  from-exponential@1.1.1: {}

  idb-keyval@6.2.5: {}

  is-network-error@1.3.2: {}

  iso-base@4.4.0:
    dependencies:
      bigint-mod-arith: 3.3.1

  iso-kv@3.2.0:
    dependencies:
      conf: 15.1.0
      idb-keyval: 6.2.5
      iso-base: 4.4.0
      kysely: 0.29.2

  iso-web@2.3.0:
    dependencies:
      '@standard-schema/spec': 1.1.0
      delay: 7.0.0
      is-network-error: 1.3.2
      iso-kv: 3.2.0
      p-retry: 8.0.0

  isows@1.0.7(ws@8.20.1):
    dependencies:
      ws: 8.20.1

  json-schema-traverse@1.0.0: {}

  json-schema-typed@8.0.2: {}

  kysely@0.29.2: {}

  mimic-function@5.0.1: {}

  multiformats@13.4.2: {}

  ox@0.14.29(zod@4.4.3):
    dependencies:
      '@adraffy/ens-normalize': 1.11.1
      '@noble/ciphers': 1.3.0
      '@noble/curves': 1.9.1
      '@noble/hashes': 1.8.0
      '@scure/bip32': 1.7.0
      '@scure/bip39': 1.6.0
      abitype: 1.2.4(zod@4.4.3)
      eventemitter3: 5.0.1
    transitivePeerDependencies:
      - zod

  p-limit@7.3.0:
    dependencies:
      yocto-queue: 1.2.2

  p-locate@7.0.0:
    dependencies:
      p-limit: 7.3.0

  p-queue@9.3.0:
    dependencies:
      eventemitter3: 5.0.4
      p-timeout: 7.0.1

  p-retry@8.0.0:
    dependencies:
      is-network-error: 1.3.2

  p-some@7.0.0: {}

  p-timeout@7.0.1: {}

  random-int@3.1.0: {}

  require-from-string@2.0.2: {}

  semver@7.8.2: {}

  stubborn-fs@2.0.0:
    dependencies:
      stubborn-utils: 1.0.2

  stubborn-utils@1.0.2: {}

  sync-multihash-sha2@1.0.0:
    dependencies:
      '@noble/hashes': 1.8.0

  tagged-tag@1.0.0: {}

  type-fest@5.7.0:
    dependencies:
      tagged-tag: 1.0.0

  uint8array-extras@1.5.0: {}

  unlimited-timeout@0.1.0: {}

  viem@2.52.2(zod@4.4.3):
    dependencies:
      '@noble/curves': 1.9.1
      '@noble/hashes': 1.8.0
      '@scure/bip32': 1.7.0
      '@scure/bip39': 1.6.0
      abitype: 1.2.3(zod@4.4.3)
      isows: 1.0.7(ws@8.20.1)
      ox: 0.14.29(zod@4.4.3)
      ws: 8.20.1
    transitivePeerDependencies:
      - bufferutil
      - utf-8-validate
      - zod

  when-exit@2.1.5: {}

  ws@8.20.1: {}

  yocto-queue@1.2.2: {}

  zod@4.4.3: {}
